
Microsoft Visual Studio Solution File, Format Version 12.00
# Visual Studio Version 17
VisualStudioVersion = 17.7.34202.233
MinimumVisualStudioVersion = 10.0.40219.1
Project("{FAE04EC0-301F-11D3-BF4B-00C04F79EFBC}") = "lp-webService-consumeApps", "lp-webService-consumeApps.csproj", "{07FBF5E3-F97A-4A21-9495-894B8FE2E87E}"
EndProject
Global
	GlobalSection(SolutionConfigurationPlatforms) = preSolution
		Debug|Any CPU = Debug|Any CPU
		Release|Any CPU = Release|Any CPU
	EndGlobalSection
	GlobalSection(ProjectConfigurationPlatforms) = postSolution
		{07FBF5E3-F97A-4A21-9495-894B8FE2E87E}.Debug|Any CPU.ActiveCfg = Debug|Any CPU
		{07FBF5E3-F97A-4A21-9495-894B8FE2E87E}.Debug|Any CPU.Build.0 = Debug|Any CPU
		{07FBF5E3-F97A-4A21-9495-894B8FE2E87E}.Release|Any CPU.ActiveCfg = Release|Any CPU
		{07FBF5E3-F97A-4A21-9495-894B8FE2E87E}.Release|Any CPU.Build.0 = Release|Any CPU
	EndGlobalSection
	GlobalSection(SolutionProperties) = preSolution
		HideSolutionNode = FALSE
	EndGlobalSection
	GlobalSection(ExtensibilityGlobals) = postSolution
		SolutionGuid = {128B1EF3-DCE4-46E6-9EAE-DA91230278D8}
	EndGlobalSection
EndGlobal
